// !$*UTF8*$!
{
	archiveVersion = 1;
	classes = {
	};
	objectVersion = 56;
	objects = {

/* Begin PBXBuildFile section */
		99ACF1D12A1C9B6000C953FF /* AppDelegate.swift in Sources */ = {isa = PBXBuildFile; fileRef = 99ACF1D02A1C9B6000C953FF /* AppDelegate.swift */; };
		99ACF1D32A1C9B6000C953FF /* SceneDelegate.swift in Sources */ = {isa = PBXBuildFile; fileRef = 99ACF1D22A1C9B6000C953FF /* SceneDelegate.swift */; };
		99ACF1DA2A1C9B6000C953FF /* Assets.xcassets in Resources */ = {isa = PBXBuildFile; fileRef = 99ACF1D92A1C9B6000C953FF /* Assets.xcassets */; };
		99ACF1DD2A1C9B6000C953FF /* LaunchScreen.storyboard in Resources */ = {isa = PBXBuildFile; fileRef = 99ACF1DB2A1C9B6000C953FF /* LaunchScreen.storyboard */; };
		99ACF1E62A1C9DE700C953FF /* RxBlocking in Frameworks */ = {isa = PBXBuildFile; productRef = 99ACF1E52A1C9DE700C953FF /* RxBlocking */; };
		99ACF1E82A1C9DE700C953FF /* RxCocoa in Frameworks */ = {isa = PBXBuildFile; productRef = 99ACF1E72A1C9DE700C953FF /* RxCocoa */; };
		99ACF1EA2A1C9DE700C953FF /* RxRelay in Frameworks */ = {isa = PBXBuildFile; productRef = 99ACF1E92A1C9DE700C953FF /* RxRelay */; };
		99ACF1EC2A1C9DE700C953FF /* RxSwift in Frameworks */ = {isa = PBXBuildFile; productRef = 99ACF1EB2A1C9DE700C953FF /* RxSwift */; };
		99ACF1EF2A1C9DF700C953FF /* TinyConstraints in Frameworks */ = {isa = PBXBuildFile; productRef = 99ACF1EE2A1C9DF700C953FF /* TinyConstraints */; };
		99ACF1F22A1C9ED400C953FF /* Alamofire in Frameworks */ = {isa = PBXBuildFile; productRef = 99ACF1F12A1C9ED400C953FF /* Alamofire */; };
		99ACF1FA2A1CA4C300C953FF /* MainTabController.swift in Sources */ = {isa = PBXBuildFile; fileRef = 99ACF1F92A1CA4C300C953FF /* MainTabController.swift */; };
		99ACF1FD2A1CA55E00C953FF /* MainTabViewModel.swift in Sources */ = {isa = PBXBuildFile; fileRef = 99ACF1FC2A1CA55E00C953FF /* MainTabViewModel.swift */; };
		99ACF2002A1CAA2B00C953FF /* NetworkService.swift in Sources */ = {isa = PBXBuildFile; fileRef = 99ACF1FF2A1CAA2B00C953FF /* NetworkService.swift */; };
		99ACF2022A1CAA3700C953FF /* UserDefaultsStore.swift in Sources */ = {isa = PBXBuildFile; fileRef = 99ACF2012A1CAA3700C953FF /* UserDefaultsStore.swift */; };
		99ACF2042A1CAA4400C953FF /* LocalDatabaseService.swift in Sources */ = {isa = PBXBuildFile; fileRef = 99ACF2032A1CAA4400C953FF /* LocalDatabaseService.swift */; };
		99ACF2072A1CAA6D00C953FF /* Coordinator.swift in Sources */ = {isa = PBXBuildFile; fileRef = 99ACF2062A1CAA6D00C953FF /* Coordinator.swift */; };
		99ACF20A2A1CB20700C953FF /* AlbumViewController.swift in Sources */ = {isa = PBXBuildFile; fileRef = 99ACF2092A1CB20700C953FF /* AlbumViewController.swift */; };
		99ACF20C2A1CB21400C953FF /* BookmarkViewController.swift in Sources */ = {isa = PBXBuildFile; fileRef = 99ACF20B2A1CB21400C953FF /* BookmarkViewController.swift */; };
		99ACF20E2A1CB21E00C953FF /* SettingsViewController.swift in Sources */ = {isa = PBXBuildFile; fileRef = 99ACF20D2A1CB21E00C953FF /* SettingsViewController.swift */; };
		99ACF2152A1CB28400C953FF /* AlbumViewModel.swift in Sources */ = {isa = PBXBuildFile; fileRef = 99ACF2142A1CB28400C953FF /* AlbumViewModel.swift */; };
		99ACF2172A1CB28E00C953FF /* BookmarkViewModel.swift in Sources */ = {isa = PBXBuildFile; fileRef = 99ACF2162A1CB28E00C953FF /* BookmarkViewModel.swift */; };
		99ACF21A2A1CB29E00C953FF /* SettingsViewModel.swift in Sources */ = {isa = PBXBuildFile; fileRef = 99ACF2192A1CB29E00C953FF /* SettingsViewModel.swift */; };
		99ACF21C2A1CBA1A00C953FF /* ViewModelType.swift in Sources */ = {isa = PBXBuildFile; fileRef = 99ACF21B2A1CBA1A00C953FF /* ViewModelType.swift */; };
		99ACF21E2A1CBAA300C953FF /* CommonViewModel.swift in Sources */ = {isa = PBXBuildFile; fileRef = 99ACF21D2A1CBAA300C953FF /* CommonViewModel.swift */; };
		99ACF2202A1CBCD800C953FF /* SceneCreator.swift in Sources */ = {isa = PBXBuildFile; fileRef = 99ACF21F2A1CBCD800C953FF /* SceneCreator.swift */; };
		99ACF2232A1CC7C900C953FF /* StringProvider.swift in Sources */ = {isa = PBXBuildFile; fileRef = 99ACF2222A1CC7C900C953FF /* StringProvider.swift */; };
		99ACF2252A1CC80700C953FF /* StringProviderType.swift in Sources */ = {isa = PBXBuildFile; fileRef = 99ACF2242A1CC80700C953FF /* StringProviderType.swift */; };
		99ACF2292A1DB42500C953FF /* Language.swift in Sources */ = {isa = PBXBuildFile; fileRef = 99ACF2282A1DB42500C953FF /* Language.swift */; };
		99ACF22F2A1DD7A800C953FF /* UserDefaultsStore+Localization.swift in Sources */ = {isa = PBXBuildFile; fileRef = 99ACF22E2A1DD7A800C953FF /* UserDefaultsStore+Localization.swift */; };
		99ACF2312A1DE84E00C953FF /* Local Data in Resources */ = {isa = PBXBuildFile; fileRef = 99ACF2302A1DE84E00C953FF /* Local Data */; };
		99ACF2342A1DECDF00C953FF /* ScenePresentation.swift in Sources */ = {isa = PBXBuildFile; fileRef = 99ACF2332A1DECDF00C953FF /* ScenePresentation.swift */; };
		99ACF2362A1DEFD000C953FF /* Scene.swift in Sources */ = {isa = PBXBuildFile; fileRef = 99ACF2352A1DEFD000C953FF /* Scene.swift */; };
		99ACF2382A1DF0D100C953FF /* MainTabScene.swift in Sources */ = {isa = PBXBuildFile; fileRef = 99ACF2372A1DF0D100C953FF /* MainTabScene.swift */; };
		99ACF23B2A1DFC5700C953FF /* AlbumCoordinatorType.swift in Sources */ = {isa = PBXBuildFile; fileRef = 99ACF23A2A1DFC5700C953FF /* AlbumCoordinatorType.swift */; };
		99ACF23E2A1E0B8400C953FF /* CustomNavigationController.swift in Sources */ = {isa = PBXBuildFile; fileRef = 99ACF23D2A1E0B8400C953FF /* CustomNavigationController.swift */; };
		99ACF2412A1F3CFA00C953FF /* Then in Frameworks */ = {isa = PBXBuildFile; productRef = 99ACF2402A1F3CFA00C953FF /* Then */; };
		99ACF2432A1F3F1D00C953FF /* LanguageCoordinatorType.swift in Sources */ = {isa = PBXBuildFile; fileRef = 99ACF2422A1F3F1D00C953FF /* LanguageCoordinatorType.swift */; };
		99ACF2452A1F463E00C953FF /* DetailsViewController.swift in Sources */ = {isa = PBXBuildFile; fileRef = 99ACF2442A1F463E00C953FF /* DetailsViewController.swift */; };
		99ACF2472A1F4B2D00C953FF /* ModalViewCorrdinatorType.swift in Sources */ = {isa = PBXBuildFile; fileRef = 99ACF2462A1F4B2D00C953FF /* ModalViewCorrdinatorType.swift */; };
		99ACF24A2A1F4C2600C953FF /* DetailsViewModel.swift in Sources */ = {isa = PBXBuildFile; fileRef = 99ACF2492A1F4C2600C953FF /* DetailsViewModel.swift */; };
		99ACF24F2A1F5D2500C953FF /* SettingsTableViewCell.swift in Sources */ = {isa = PBXBuildFile; fileRef = 99ACF24E2A1F5D2500C953FF /* SettingsTableViewCell.swift */; };
		99ACF2522A1F5F2500C953FF /* CustomCellable.swift in Sources */ = {isa = PBXBuildFile; fileRef = 99ACF2512A1F5F2500C953FF /* CustomCellable.swift */; };
		99ACF2592A1F5FE800C953FF /* BaseTableViewCell.swift in Sources */ = {isa = PBXBuildFile; fileRef = 99ACF2582A1F5FE800C953FF /* BaseTableViewCell.swift */; };
		99ACF25B2A1F60FB00C953FF /* SettingsWithSwitchTableViewCell.swift in Sources */ = {isa = PBXBuildFile; fileRef = 99ACF25A2A1F60FB00C953FF /* SettingsWithSwitchTableViewCell.swift */; };
		99ACF25E2A1F649500C953FF /* AppSettings.swift in Sources */ = {isa = PBXBuildFile; fileRef = 99ACF25D2A1F649500C953FF /* AppSettings.swift */; };
		99ACF2602A1F64A300C953FF /* AppSetting.swift in Sources */ = {isa = PBXBuildFile; fileRef = 99ACF25F2A1F64A300C953FF /* AppSetting.swift */; };
		99ACF2662A1FB0F400C953FF /* ReactiveX+UIViewController.swift in Sources */ = {isa = PBXBuildFile; fileRef = 99ACF2652A1FB0F400C953FF /* ReactiveX+UIViewController.swift */; };
		99ACF2692A2459D100C953FF /* SwiftyJSON in Frameworks */ = {isa = PBXBuildFile; productRef = 99ACF2682A2459D100C953FF /* SwiftyJSON */; };
		99ACF26B2A245A4000C953FF /* Mappable.swift in Sources */ = {isa = PBXBuildFile; fileRef = 99ACF26A2A245A4000C953FF /* Mappable.swift */; };
		99ACF26E2A245A8700C953FF /* NetworkManager.swift in Sources */ = {isa = PBXBuildFile; fileRef = 99ACF26D2A245A8700C953FF /* NetworkManager.swift */; };
		99ACF2712A245D3A00C953FF /* ItunesSearchResponse.swift in Sources */ = {isa = PBXBuildFile; fileRef = 99ACF2702A245D3A00C953FF /* ItunesSearchResponse.swift */; };
		99ACF2732A245D7B00C953FF /* iTunesCollection.swift in Sources */ = {isa = PBXBuildFile; fileRef = 99ACF2722A245D7B00C953FF /* iTunesCollection.swift */; };
		99ACF2772A24649600C953FF /* ITunesSearchAPI.swift in Sources */ = {isa = PBXBuildFile; fileRef = 99ACF2762A24649600C953FF /* ITunesSearchAPI.swift */; };
		99ACF27A2A246A9B00C953FF /* NetworkService+ITunesSearchAPIType.swift in Sources */ = {isa = PBXBuildFile; fileRef = 99ACF2792A246A9B00C953FF /* NetworkService+ITunesSearchAPIType.swift */; };
		99ACF27D2A2489AF00C953FF /* AlbumResultTableViewCell.swift in Sources */ = {isa = PBXBuildFile; fileRef = 99ACF27C2A2489AF00C953FF /* AlbumResultTableViewCell.swift */; };
		99EBEC532A24A66F004AB0DD /* RealmSwift in Frameworks */ = {isa = PBXBuildFile; productRef = 99EBEC522A24A66F004AB0DD /* RealmSwift */; };
		99EBEC552A24A881004AB0DD /* RealmManager.swift in Sources */ = {isa = PBXBuildFile; fileRef = 99EBEC542A24A881004AB0DD /* RealmManager.swift */; };
		99EBEC582A24AD4B004AB0DD /* LocalDatabaseService+BookmarkITunesCollection.swift in Sources */ = {isa = PBXBuildFile; fileRef = 99EBEC572A24AD4B004AB0DD /* LocalDatabaseService+BookmarkITunesCollection.swift */; };
		99EBEC5B2A24ADE9004AB0DD /* LocalDatabaseITunesCollectionType.swift in Sources */ = {isa = PBXBuildFile; fileRef = 99EBEC5A2A24ADE9004AB0DD /* LocalDatabaseITunesCollectionType.swift */; };
/* End PBXBuildFile section */

/* Begin PBXFileReference section */
		99ACF1CD2A1C9B6000C953FF /* ios decovery.app */ = {isa = PBXFileReference; explicitFileType = wrapper.application; includeInIndex = 0; path = "ios decovery.app"; sourceTree = BUILT_PRODUCTS_DIR; };
		99ACF1D02A1C9B6000C953FF /* AppDelegate.swift */ = {isa = PBXFileReference; lastKnownFileType = sourcecode.swift; path = AppDelegate.swift; sourceTree = "<group>"; };
		99ACF1D22A1C9B6000C953FF /* SceneDelegate.swift */ = {isa = PBXFileReference; lastKnownFileType = sourcecode.swift; path = SceneDelegate.swift; sourceTree = "<group>"; };
		99ACF1D92A1C9B6000C953FF /* Assets.xcassets */ = {isa = PBXFileReference; lastKnownFileType = folder.assetcatalog; path = Assets.xcassets; sourceTree = "<group>"; };
		99ACF1DC2A1C9B6000C953FF /* Base */ = {isa = PBXFileReference; lastKnownFileType = file.storyboard; name = Base; path = Base.lproj/LaunchScreen.storyboard; sourceTree = "<group>"; };
		99ACF1DE2A1C9B6000C953FF /* Info.plist */ = {isa = PBXFileReference; lastKnownFileType = text.plist.xml; path = Info.plist; sourceTree = "<group>"; };
		99ACF1F92A1CA4C300C953FF /* MainTabController.swift */ = {isa = PBXFileReference; lastKnownFileType = sourcecode.swift; path = MainTabController.swift; sourceTree = "<group>"; };
		99ACF1FC2A1CA55E00C953FF /* MainTabViewModel.swift */ = {isa = PBXFileReference; lastKnownFileType = sourcecode.swift; path = MainTabViewModel.swift; sourceTree = "<group>"; };
		99ACF1FF2A1CAA2B00C953FF /* NetworkService.swift */ = {isa = PBXFileReference; lastKnownFileType = sourcecode.swift; path = NetworkService.swift; sourceTree = "<group>"; };
		99ACF2012A1CAA3700C953FF /* UserDefaultsStore.swift */ = {isa = PBXFileReference; lastKnownFileType = sourcecode.swift; path = UserDefaultsStore.swift; sourceTree = "<group>"; };
		99ACF2032A1CAA4400C953FF /* LocalDatabaseService.swift */ = {isa = PBXFileReference; lastKnownFileType = sourcecode.swift; path = LocalDatabaseService.swift; sourceTree = "<group>"; };
		99ACF2062A1CAA6D00C953FF /* Coordinator.swift */ = {isa = PBXFileReference; lastKnownFileType = sourcecode.swift; path = Coordinator.swift; sourceTree = "<group>"; };
		99ACF2092A1CB20700C953FF /* AlbumViewController.swift */ = {isa = PBXFileReference; lastKnownFileType = sourcecode.swift; path = AlbumViewController.swift; sourceTree = "<group>"; };
		99ACF20B2A1CB21400C953FF /* BookmarkViewController.swift */ = {isa = PBXFileReference; lastKnownFileType = sourcecode.swift; path = BookmarkViewController.swift; sourceTree = "<group>"; };
		99ACF20D2A1CB21E00C953FF /* SettingsViewController.swift */ = {isa = PBXFileReference; lastKnownFileType = sourcecode.swift; path = SettingsViewController.swift; sourceTree = "<group>"; };
		99ACF2142A1CB28400C953FF /* AlbumViewModel.swift */ = {isa = PBXFileReference; lastKnownFileType = sourcecode.swift; path = AlbumViewModel.swift; sourceTree = "<group>"; };
		99ACF2162A1CB28E00C953FF /* BookmarkViewModel.swift */ = {isa = PBXFileReference; lastKnownFileType = sourcecode.swift; path = BookmarkViewModel.swift; sourceTree = "<group>"; };
		99ACF2192A1CB29E00C953FF /* SettingsViewModel.swift */ = {isa = PBXFileReference; lastKnownFileType = sourcecode.swift; path = SettingsViewModel.swift; sourceTree = "<group>"; };
		99ACF21B2A1CBA1A00C953FF /* ViewModelType.swift */ = {isa = PBXFileReference; lastKnownFileType = sourcecode.swift; path = ViewModelType.swift; sourceTree = "<group>"; };
		99ACF21D2A1CBAA300C953FF /* CommonViewModel.swift */ = {isa = PBXFileReference; lastKnownFileType = sourcecode.swift; path = CommonViewModel.swift; sourceTree = "<group>"; };
		99ACF21F2A1CBCD800C953FF /* SceneCreator.swift */ = {isa = PBXFileReference; lastKnownFileType = sourcecode.swift; path = SceneCreator.swift; sourceTree = "<group>"; };
		99ACF2222A1CC7C900C953FF /* StringProvider.swift */ = {isa = PBXFileReference; lastKnownFileType = sourcecode.swift; path = StringProvider.swift; sourceTree = "<group>"; };
		99ACF2242A1CC80700C953FF /* StringProviderType.swift */ = {isa = PBXFileReference; lastKnownFileType = sourcecode.swift; path = StringProviderType.swift; sourceTree = "<group>"; };
		99ACF2282A1DB42500C953FF /* Language.swift */ = {isa = PBXFileReference; lastKnownFileType = sourcecode.swift; path = Language.swift; sourceTree = "<group>"; };
		99ACF22E2A1DD7A800C953FF /* UserDefaultsStore+Localization.swift */ = {isa = PBXFileReference; lastKnownFileType = sourcecode.swift; path = "UserDefaultsStore+Localization.swift"; sourceTree = "<group>"; };
		99ACF2302A1DE84E00C953FF /* Local Data */ = {isa = PBXFileReference; lastKnownFileType = folder; path = "Local Data"; sourceTree = "<group>"; };
		99ACF2332A1DECDF00C953FF /* ScenePresentation.swift */ = {isa = PBXFileReference; lastKnownFileType = sourcecode.swift; path = ScenePresentation.swift; sourceTree = "<group>"; };
		99ACF2352A1DEFD000C953FF /* Scene.swift */ = {isa = PBXFileReference; lastKnownFileType = sourcecode.swift; path = Scene.swift; sourceTree = "<group>"; };
		99ACF2372A1DF0D100C953FF /* MainTabScene.swift */ = {isa = PBXFileReference; lastKnownFileType = sourcecode.swift; path = MainTabScene.swift; sourceTree = "<group>"; };
		99ACF23A2A1DFC5700C953FF /* AlbumCoordinatorType.swift */ = {isa = PBXFileReference; lastKnownFileType = sourcecode.swift; path = AlbumCoordinatorType.swift; sourceTree = "<group>"; };
		99ACF23D2A1E0B8400C953FF /* CustomNavigationController.swift */ = {isa = PBXFileReference; lastKnownFileType = sourcecode.swift; path = CustomNavigationController.swift; sourceTree = "<group>"; };
		99ACF2422A1F3F1D00C953FF /* LanguageCoordinatorType.swift */ = {isa = PBXFileReference; lastKnownFileType = sourcecode.swift; path = LanguageCoordinatorType.swift; sourceTree = "<group>"; };
		99ACF2442A1F463E00C953FF /* DetailsViewController.swift */ = {isa = PBXFileReference; lastKnownFileType = sourcecode.swift; path = DetailsViewController.swift; sourceTree = "<group>"; };
		99ACF2462A1F4B2D00C953FF /* ModalViewCorrdinatorType.swift */ = {isa = PBXFileReference; lastKnownFileType = sourcecode.swift; path = ModalViewCorrdinatorType.swift; sourceTree = "<group>"; };
		99ACF2492A1F4C2600C953FF /* DetailsViewModel.swift */ = {isa = PBXFileReference; lastKnownFileType = sourcecode.swift; path = DetailsViewModel.swift; sourceTree = "<group>"; };
		99ACF24E2A1F5D2500C953FF /* SettingsTableViewCell.swift */ = {isa = PBXFileReference; lastKnownFileType = sourcecode.swift; path = SettingsTableViewCell.swift; sourceTree = "<group>"; };
		99ACF2512A1F5F2500C953FF /* CustomCellable.swift */ = {isa = PBXFileReference; lastKnownFileType = sourcecode.swift; path = CustomCellable.swift; sourceTree = "<group>"; };
		99ACF2582A1F5FE800C953FF /* BaseTableViewCell.swift */ = {isa = PBXFileReference; lastKnownFileType = sourcecode.swift; path = BaseTableViewCell.swift; sourceTree = "<group>"; };
		99ACF25A2A1F60FB00C953FF /* SettingsWithSwitchTableViewCell.swift */ = {isa = PBXFileReference; lastKnownFileType = sourcecode.swift; path = SettingsWithSwitchTableViewCell.swift; sourceTree = "<group>"; };
		99ACF25D2A1F649500C953FF /* AppSettings.swift */ = {isa = PBXFileReference; lastKnownFileType = sourcecode.swift; path = AppSettings.swift; sourceTree = "<group>"; };
		99ACF25F2A1F64A300C953FF /* AppSetting.swift */ = {isa = PBXFileReference; lastKnownFileType = sourcecode.swift; path = AppSetting.swift; sourceTree = "<group>"; };
		99ACF2652A1FB0F400C953FF /* ReactiveX+UIViewController.swift */ = {isa = PBXFileReference; lastKnownFileType = sourcecode.swift; path = "ReactiveX+UIViewController.swift"; sourceTree = "<group>"; };
		99ACF26A2A245A4000C953FF /* Mappable.swift */ = {isa = PBXFileReference; lastKnownFileType = sourcecode.swift; path = Mappable.swift; sourceTree = "<group>"; };
		99ACF26D2A245A8700C953FF /* NetworkManager.swift */ = {isa = PBXFileReference; lastKnownFileType = sourcecode.swift; path = NetworkManager.swift; sourceTree = "<group>"; };
		99ACF2702A245D3A00C953FF /* ItunesSearchResponse.swift */ = {isa = PBXFileReference; lastKnownFileType = sourcecode.swift; path = ItunesSearchResponse.swift; sourceTree = "<group>"; };
		99ACF2722A245D7B00C953FF /* iTunesCollection.swift */ = {isa = PBXFileReference; lastKnownFileType = sourcecode.swift; path = iTunesCollection.swift; sourceTree = "<group>"; };
		99ACF2762A24649600C953FF /* ITunesSearchAPI.swift */ = {isa = PBXFileReference; lastKnownFileType = sourcecode.swift; path = ITunesSearchAPI.swift; sourceTree = "<group>"; };
		99ACF2792A246A9B00C953FF /* NetworkService+ITunesSearchAPIType.swift */ = {isa = PBXFileReference; lastKnownFileType = sourcecode.swift; path = "NetworkService+ITunesSearchAPIType.swift"; sourceTree = "<group>"; };
		99ACF27C2A2489AF00C953FF /* AlbumResultTableViewCell.swift */ = {isa = PBXFileReference; lastKnownFileType = sourcecode.swift; path = AlbumResultTableViewCell.swift; sourceTree = "<group>"; };
		99EBEC542A24A881004AB0DD /* RealmManager.swift */ = {isa = PBXFileReference; lastKnownFileType = sourcecode.swift; path = RealmManager.swift; sourceTree = "<group>"; };
		99EBEC572A24AD4B004AB0DD /* LocalDatabaseService+BookmarkITunesCollection.swift */ = {isa = PBXFileReference; lastKnownFileType = sourcecode.swift; path = "LocalDatabaseService+BookmarkITunesCollection.swift"; sourceTree = "<group>"; };
		99EBEC5A2A24ADE9004AB0DD /* LocalDatabaseITunesCollectionType.swift */ = {isa = PBXFileReference; lastKnownFileType = sourcecode.swift; path = LocalDatabaseITunesCollectionType.swift; sourceTree = "<group>"; };
/* End PBXFileReference section */

/* Begin PBXFrameworksBuildPhase section */
		99ACF1CA2A1C9B6000C953FF /* Frameworks */ = {
			isa = PBXFrameworksBuildPhase;
			buildActionMask = 2147483647;
			files = (
				99ACF1EA2A1C9DE700C953FF /* RxRelay in Frameworks */,
				99ACF1E82A1C9DE700C953FF /* RxCocoa in Frameworks */,
				99ACF2692A2459D100C953FF /* SwiftyJSON in Frameworks */,
				99EBEC532A24A66F004AB0DD /* RealmSwift in Frameworks */,
				99ACF1EF2A1C9DF700C953FF /* TinyConstraints in Frameworks */,
				99ACF2412A1F3CFA00C953FF /* Then in Frameworks */,
				99ACF1F22A1C9ED400C953FF /* Alamofire in Frameworks */,
				99ACF1EC2A1C9DE700C953FF /* RxSwift in Frameworks */,
				99ACF1E62A1C9DE700C953FF /* RxBlocking in Frameworks */,
			);
			runOnlyForDeploymentPostprocessing = 0;
		};
/* End PBXFrameworksBuildPhase section */

/* Begin PBXGroup section */
		99ACF1C42A1C9B6000C953FF = {
			isa = PBXGroup;
			children = (
				99ACF1CF2A1C9B6000C953FF /* ios decovery */,
				99ACF1CE2A1C9B6000C953FF /* Products */,
			);
			sourceTree = "<group>";
		};
		99ACF1CE2A1C9B6000C953FF /* Products */ = {
			isa = PBXGroup;
			children = (
				99ACF1CD2A1C9B6000C953FF /* ios decovery.app */,
			);
			name = Products;
			sourceTree = "<group>";
		};
		99ACF1CF2A1C9B6000C953FF /* ios decovery */ = {
			isa = PBXGroup;
			children = (
				99ACF26C2A245A6F00C953FF /* Manager */,
				99ACF2632A1FB0D200C953FF /* Extensions */,
				99ACF24B2A1F5CF900C953FF /* Views */,
				99ACF2302A1DE84E00C953FF /* Local Data */,
				99ACF2262A1DB3DC00C953FF /* DataModel */,
				99ACF2212A1CC7BA00C953FF /* Provider */,
				99ACF1D02A1C9B6000C953FF /* AppDelegate.swift */,
				99ACF1D22A1C9B6000C953FF /* SceneDelegate.swift */,
				99ACF2052A1CAA5600C953FF /* Coordinators */,
				99ACF1FE2A1CAA1600C953FF /* Services */,
				99ACF1FB2A1CA54700C953FF /* ViewModel */,
				99ACF1F32A1CA46500C953FF /* View Controller */,
				99ACF1D92A1C9B6000C953FF /* Assets.xcassets */,
				99ACF1DB2A1C9B6000C953FF /* LaunchScreen.storyboard */,
				99ACF1DE2A1C9B6000C953FF /* Info.plist */,
			);
			path = "ios decovery";
			sourceTree = "<group>";
		};
		99ACF1F32A1CA46500C953FF /* View Controller */ = {
			isa = PBXGroup;
			children = (
				99ACF23C2A1E0B6400C953FF /* Navigation Conoller */,
				99ACF2082A1CB1F500C953FF /* Details */,
				99ACF1F42A1CA48000C953FF /* Main */,
			);
			path = "View Controller";
			sourceTree = "<group>";
		};
		99ACF1F42A1CA48000C953FF /* Main */ = {
			isa = PBXGroup;
			children = (
				99ACF1F82A1CA4A900C953FF /* Tab */,
				99ACF1F72A1CA4A200C953FF /* Settings */,
				99ACF1F62A1CA49200C953FF /* Bookmark */,
				99ACF1F52A1CA48A00C953FF /* Album */,
			);
			path = Main;
			sourceTree = "<group>";
		};
		99ACF1F52A1CA48A00C953FF /* Album */ = {
			isa = PBXGroup;
			children = (
				99ACF2092A1CB20700C953FF /* AlbumViewController.swift */,
			);
			path = Album;
			sourceTree = "<group>";
		};
		99ACF1F62A1CA49200C953FF /* Bookmark */ = {
			isa = PBXGroup;
			children = (
				99ACF20B2A1CB21400C953FF /* BookmarkViewController.swift */,
			);
			path = Bookmark;
			sourceTree = "<group>";
		};
		99ACF1F72A1CA4A200C953FF /* Settings */ = {
			isa = PBXGroup;
			children = (
				99ACF20D2A1CB21E00C953FF /* SettingsViewController.swift */,
			);
			path = Settings;
			sourceTree = "<group>";
		};
		99ACF1F82A1CA4A900C953FF /* Tab */ = {
			isa = PBXGroup;
			children = (
				99ACF1F92A1CA4C300C953FF /* MainTabController.swift */,
			);
			path = Tab;
			sourceTree = "<group>";
		};
		99ACF1FB2A1CA54700C953FF /* ViewModel */ = {
			isa = PBXGroup;
			children = (
				99ACF2482A1F4C1900C953FF /* Details */,
				99ACF20F2A1CB23000C953FF /* Main */,
				99ACF21B2A1CBA1A00C953FF /* ViewModelType.swift */,
				99ACF21D2A1CBAA300C953FF /* CommonViewModel.swift */,
			);
			path = ViewModel;
			sourceTree = "<group>";
		};
		99ACF1FE2A1CAA1600C953FF /* Services */ = {
			isa = PBXGroup;
			children = (
				99ACF1FF2A1CAA2B00C953FF /* NetworkService.swift */,
				99ACF22D2A1DD79500C953FF /* UserDefaultsStore */,
				99ACF2032A1CAA4400C953FF /* LocalDatabaseService.swift */,
			);
			path = Services;
			sourceTree = "<group>";
		};
		99ACF2052A1CAA5600C953FF /* Coordinators */ = {
			isa = PBXGroup;
			children = (
				99ACF2392A1DFC3300C953FF /* Coordinator Type */,
				99ACF2062A1CAA6D00C953FF /* Coordinator.swift */,
				99ACF21F2A1CBCD800C953FF /* SceneCreator.swift */,
			);
			path = Coordinators;
			sourceTree = "<group>";
		};
		99ACF2082A1CB1F500C953FF /* Details */ = {
			isa = PBXGroup;
			children = (
				99ACF2442A1F463E00C953FF /* DetailsViewController.swift */,
			);
			path = Details;
			sourceTree = "<group>";
		};
		99ACF20F2A1CB23000C953FF /* Main */ = {
			isa = PBXGroup;
			children = (
				99ACF2132A1CB27400C953FF /* Settings */,
				99ACF2122A1CB26E00C953FF /* Bookmark */,
				99ACF2112A1CB26600C953FF /* Album */,
				99ACF2102A1CB23600C953FF /* Tab */,
			);
			path = Main;
			sourceTree = "<group>";
		};
		99ACF2102A1CB23600C953FF /* Tab */ = {
			isa = PBXGroup;
			children = (
				99ACF1FC2A1CA55E00C953FF /* MainTabViewModel.swift */,
			);
			path = Tab;
			sourceTree = "<group>";
		};
		99ACF2112A1CB26600C953FF /* Album */ = {
			isa = PBXGroup;
			children = (
				99ACF2142A1CB28400C953FF /* AlbumViewModel.swift */,
			);
			path = Album;
			sourceTree = "<group>";
		};
		99ACF2122A1CB26E00C953FF /* Bookmark */ = {
			isa = PBXGroup;
			children = (
				99ACF2162A1CB28E00C953FF /* BookmarkViewModel.swift */,
			);
			path = Bookmark;
			sourceTree = "<group>";
		};
		99ACF2132A1CB27400C953FF /* Settings */ = {
			isa = PBXGroup;
			children = (
				99ACF2192A1CB29E00C953FF /* SettingsViewModel.swift */,
			);
			path = Settings;
			sourceTree = "<group>";
		};
		99ACF2212A1CC7BA00C953FF /* Provider */ = {
			isa = PBXGroup;
			children = (
				99ACF2222A1CC7C900C953FF /* StringProvider.swift */,
				99ACF2242A1CC80700C953FF /* StringProviderType.swift */,
			);
			path = Provider;
			sourceTree = "<group>";
		};
		99ACF2262A1DB3DC00C953FF /* DataModel */ = {
			isa = PBXGroup;
			children = (
				99EBEC592A24ADC2004AB0DD /* Local Database */,
				99ACF2742A24647600C953FF /* Network */,
				99ACF25C2A1F648C00C953FF /* Settings */,
				99ACF2322A1DECC600C953FF /* Scene */,
				99ACF2272A1DB41900C953FF /* Language */,
				99ACF26A2A245A4000C953FF /* Mappable.swift */,
			);
			path = DataModel;
			sourceTree = "<group>";
		};
		99ACF2272A1DB41900C953FF /* Language */ = {
			isa = PBXGroup;
			children = (
				99ACF2282A1DB42500C953FF /* Language.swift */,
			);
			path = Language;
			sourceTree = "<group>";
		};
		99ACF22D2A1DD79500C953FF /* UserDefaultsStore */ = {
			isa = PBXGroup;
			children = (
				99ACF2012A1CAA3700C953FF /* UserDefaultsStore.swift */,
				99ACF22E2A1DD7A800C953FF /* UserDefaultsStore+Localization.swift */,
			);
			path = UserDefaultsStore;
			sourceTree = "<group>";
		};
		99ACF2322A1DECC600C953FF /* Scene */ = {
			isa = PBXGroup;
			children = (
				99ACF2332A1DECDF00C953FF /* ScenePresentation.swift */,
				99ACF2352A1DEFD000C953FF /* Scene.swift */,
				99ACF2372A1DF0D100C953FF /* MainTabScene.swift */,
			);
			path = Scene;
			sourceTree = "<group>";
		};
		99ACF2392A1DFC3300C953FF /* Coordinator Type */ = {
			isa = PBXGroup;
			children = (
				99ACF23A2A1DFC5700C953FF /* AlbumCoordinatorType.swift */,
				99ACF2462A1F4B2D00C953FF /* ModalViewCorrdinatorType.swift */,
				99ACF2422A1F3F1D00C953FF /* LanguageCoordinatorType.swift */,
			);
			path = "Coordinator Type";
			sourceTree = "<group>";
		};
		99ACF23C2A1E0B6400C953FF /* Navigation Conoller */ = {
			isa = PBXGroup;
			children = (
				99ACF23D2A1E0B8400C953FF /* CustomNavigationController.swift */,
			);
			path = "Navigation Conoller";
			sourceTree = "<group>";
		};
		99ACF2482A1F4C1900C953FF /* Details */ = {
			isa = PBXGroup;
			children = (
				99ACF2492A1F4C2600C953FF /* DetailsViewModel.swift */,
			);
			path = Details;
			sourceTree = "<group>";
		};
		99ACF24B2A1F5CF900C953FF /* Views */ = {
			isa = PBXGroup;
			children = (
				99ACF24D2A1F5D0A00C953FF /* Table View Cell */,
			);
			path = Views;
			sourceTree = "<group>";
		};
		99ACF24C2A1F5CFE00C953FF /* Settings */ = {
			isa = PBXGroup;
			children = (
				99ACF24E2A1F5D2500C953FF /* SettingsTableViewCell.swift */,
				99ACF25A2A1F60FB00C953FF /* SettingsWithSwitchTableViewCell.swift */,
			);
			path = Settings;
			sourceTree = "<group>";
		};
		99ACF24D2A1F5D0A00C953FF /* Table View Cell */ = {
			isa = PBXGroup;
			children = (
				99ACF27B2A24899900C953FF /* Album */,
				99ACF24C2A1F5CFE00C953FF /* Settings */,
				99ACF2512A1F5F2500C953FF /* CustomCellable.swift */,
				99ACF2582A1F5FE800C953FF /* BaseTableViewCell.swift */,
			);
			path = "Table View Cell";
			sourceTree = "<group>";
		};
		99ACF25C2A1F648C00C953FF /* Settings */ = {
			isa = PBXGroup;
			children = (
				99ACF25D2A1F649500C953FF /* AppSettings.swift */,
				99ACF25F2A1F64A300C953FF /* AppSetting.swift */,
			);
			path = Settings;
			sourceTree = "<group>";
		};
		99ACF2632A1FB0D200C953FF /* Extensions */ = {
			isa = PBXGroup;
			children = (
				99EBEC562A24AD2E004AB0DD /* Local Database */,
				99ACF2782A246A7A00C953FF /* Network */,
				99ACF2642A1FB0DA00C953FF /* ReactiveX */,
			);
			path = Extensions;
			sourceTree = "<group>";
		};
		99ACF2642A1FB0DA00C953FF /* ReactiveX */ = {
			isa = PBXGroup;
			children = (
				99ACF2652A1FB0F400C953FF /* ReactiveX+UIViewController.swift */,
			);
			path = ReactiveX;
			sourceTree = "<group>";
		};
		99ACF26C2A245A6F00C953FF /* Manager */ = {
			isa = PBXGroup;
			children = (
				99ACF26D2A245A8700C953FF /* NetworkManager.swift */,
				99EBEC542A24A881004AB0DD /* RealmManager.swift */,
			);
			path = Manager;
			sourceTree = "<group>";
		};
		99ACF26F2A245D2B00C953FF /* Responses */ = {
			isa = PBXGroup;
			children = (
				99ACF2702A245D3A00C953FF /* ItunesSearchResponse.swift */,
				99ACF2722A245D7B00C953FF /* iTunesCollection.swift */,
			);
			path = Responses;
			sourceTree = "<group>";
		};
		99ACF2742A24647600C953FF /* Network */ = {
			isa = PBXGroup;
			children = (
				99ACF2752A24648500C953FF /* API */,
				99ACF26F2A245D2B00C953FF /* Responses */,
			);
			path = Network;
			sourceTree = "<group>";
		};
		99ACF2752A24648500C953FF /* API */ = {
			isa = PBXGroup;
			children = (
				99ACF2762A24649600C953FF /* ITunesSearchAPI.swift */,
			);
			path = API;
			sourceTree = "<group>";
		};
		99ACF2782A246A7A00C953FF /* Network */ = {
			isa = PBXGroup;
			children = (
				99ACF2792A246A9B00C953FF /* NetworkService+ITunesSearchAPIType.swift */,
			);
			path = Network;
			sourceTree = "<group>";
		};
		99ACF27B2A24899900C953FF /* Album */ = {
			isa = PBXGroup;
			children = (
				99ACF27C2A2489AF00C953FF /* AlbumResultTableViewCell.swift */,
			);
			path = Album;
			sourceTree = "<group>";
		};
		99EBEC562A24AD2E004AB0DD /* Local Database */ = {
			isa = PBXGroup;
			children = (
				99EBEC572A24AD4B004AB0DD /* LocalDatabaseService+BookmarkITunesCollection.swift */,
			);
			path = "Local Database";
			sourceTree = "<group>";
		};
		99EBEC592A24ADC2004AB0DD /* Local Database */ = {
			isa = PBXGroup;
			children = (
				99EBEC5A2A24ADE9004AB0DD /* LocalDatabaseITunesCollectionType.swift */,
			);
			path = "Local Database";
			sourceTree = "<group>";
		};
/* End PBXGroup section */

/* Begin PBXNativeTarget section */
		99ACF1CC2A1C9B6000C953FF /* ios decovery */ = {
			isa = PBXNativeTarget;
			buildConfigurationList = 99ACF1E12A1C9B6000C953FF /* Build configuration list for PBXNativeTarget "ios decovery" */;
			buildPhases = (
				99ACF1C92A1C9B6000C953FF /* Sources */,
				99ACF1CA2A1C9B6000C953FF /* Frameworks */,
				99ACF1CB2A1C9B6000C953FF /* Resources */,
			);
			buildRules = (
			);
			dependencies = (
			);
			name = "ios decovery";
			packageProductDependencies = (
				99ACF1E52A1C9DE700C953FF /* RxBlocking */,
				99ACF1E72A1C9DE700C953FF /* RxCocoa */,
				99ACF1E92A1C9DE700C953FF /* RxRelay */,
				99ACF1EB2A1C9DE700C953FF /* RxSwift */,
				99ACF1EE2A1C9DF700C953FF /* TinyConstraints */,
				99ACF1F12A1C9ED400C953FF /* Alamofire */,
				99ACF2402A1F3CFA00C953FF /* Then */,
				99ACF2682A2459D100C953FF /* SwiftyJSON */,
				99EBEC522A24A66F004AB0DD /* RealmSwift */,
			);
			productName = "ios decovery";
			productReference = 99ACF1CD2A1C9B6000C953FF /* ios decovery.app */;
			productType = "com.apple.product-type.application";
		};
/* End PBXNativeTarget section */

/* Begin PBXProject section */
		99ACF1C52A1C9B6000C953FF /* Project object */ = {
			isa = PBXProject;
			attributes = {
				BuildIndependentTargetsInParallel = 1;
				LastSwiftUpdateCheck = 1430;
				LastUpgradeCheck = 1430;
				TargetAttributes = {
					99ACF1CC2A1C9B6000C953FF = {
						CreatedOnToolsVersion = 14.3;
					};
				};
			};
			buildConfigurationList = 99ACF1C82A1C9B6000C953FF /* Build configuration list for PBXProject "ios decovery" */;
			compatibilityVersion = "Xcode 14.0";
			developmentRegion = en;
			hasScannedForEncodings = 0;
			knownRegions = (
				en,
				Base,
			);
			mainGroup = 99ACF1C42A1C9B6000C953FF;
			packageReferences = (
				99ACF1E42A1C9DE700C953FF /* XCRemoteSwiftPackageReference "RxSwift" */,
				99ACF1ED2A1C9DF700C953FF /* XCRemoteSwiftPackageReference "TinyConstraints" */,
				99ACF1F02A1C9ED400C953FF /* XCRemoteSwiftPackageReference "Alamofire" */,
				99ACF23F2A1F3CFA00C953FF /* XCRemoteSwiftPackageReference "Then" */,
				99ACF2672A2459D100C953FF /* XCRemoteSwiftPackageReference "SwiftyJSON" */,
				99EBEC512A24A66F004AB0DD /* XCRemoteSwiftPackageReference "realm-swift" */,
			);
			productRefGroup = 99ACF1CE2A1C9B6000C953FF /* Products */;
			projectDirPath = "";
			projectRoot = "";
			targets = (
				99ACF1CC2A1C9B6000C953FF /* ios decovery */,
			);
		};
/* End PBXProject section */

/* Begin PBXResourcesBuildPhase section */
		99ACF1CB2A1C9B6000C953FF /* Resources */ = {
			isa = PBXResourcesBuildPhase;
			buildActionMask = 2147483647;
			files = (
				99ACF1DD2A1C9B6000C953FF /* LaunchScreen.storyboard in Resources */,
				99ACF2312A1DE84E00C953FF /* Local Data in Resources */,
				99ACF1DA2A1C9B6000C953FF /* Assets.xcassets in Resources */,
			);
			runOnlyForDeploymentPostprocessing = 0;
		};
/* End PBXResourcesBuildPhase section */

/* Begin PBXSourcesBuildPhase section */
		99ACF1C92A1C9B6000C953FF /* Sources */ = {
			isa = PBXSourcesBuildPhase;
			buildActionMask = 2147483647;
			files = (
				99ACF2342A1DECDF00C953FF /* ScenePresentation.swift in Sources */,
				99ACF2152A1CB28400C953FF /* AlbumViewModel.swift in Sources */,
				99ACF2292A1DB42500C953FF /* Language.swift in Sources */,
				99ACF26E2A245A8700C953FF /* NetworkManager.swift in Sources */,
				99ACF24F2A1F5D2500C953FF /* SettingsTableViewCell.swift in Sources */,
				99ACF2072A1CAA6D00C953FF /* Coordinator.swift in Sources */,
				99ACF2002A1CAA2B00C953FF /* NetworkService.swift in Sources */,
				99ACF20E2A1CB21E00C953FF /* SettingsViewController.swift in Sources */,
				99EBEC5B2A24ADE9004AB0DD /* LocalDatabaseITunesCollectionType.swift in Sources */,
				99ACF22F2A1DD7A800C953FF /* UserDefaultsStore+Localization.swift in Sources */,
				99ACF2382A1DF0D100C953FF /* MainTabScene.swift in Sources */,
				99ACF2712A245D3A00C953FF /* ItunesSearchResponse.swift in Sources */,
				99ACF2042A1CAA4400C953FF /* LocalDatabaseService.swift in Sources */,
				99ACF25B2A1F60FB00C953FF /* SettingsWithSwitchTableViewCell.swift in Sources */,
				99ACF21E2A1CBAA300C953FF /* CommonViewModel.swift in Sources */,
				99ACF20A2A1CB20700C953FF /* AlbumViewController.swift in Sources */,
				99ACF2452A1F463E00C953FF /* DetailsViewController.swift in Sources */,
				99ACF2602A1F64A300C953FF /* AppSetting.swift in Sources */,
				99ACF20C2A1CB21400C953FF /* BookmarkViewController.swift in Sources */,
				99ACF23E2A1E0B8400C953FF /* CustomNavigationController.swift in Sources */,
				99ACF2252A1CC80700C953FF /* StringProviderType.swift in Sources */,
				99ACF2662A1FB0F400C953FF /* ReactiveX+UIViewController.swift in Sources */,
				99ACF2592A1F5FE800C953FF /* BaseTableViewCell.swift in Sources */,
				99ACF2202A1CBCD800C953FF /* SceneCreator.swift in Sources */,
				99ACF2432A1F3F1D00C953FF /* LanguageCoordinatorType.swift in Sources */,
				99EBEC582A24AD4B004AB0DD /* LocalDatabaseService+BookmarkITunesCollection.swift in Sources */,
				99ACF24A2A1F4C2600C953FF /* DetailsViewModel.swift in Sources */,
				99ACF1D12A1C9B6000C953FF /* AppDelegate.swift in Sources */,
				99ACF23B2A1DFC5700C953FF /* AlbumCoordinatorType.swift in Sources */,
				99ACF2732A245D7B00C953FF /* iTunesCollection.swift in Sources */,
				99ACF25E2A1F649500C953FF /* AppSettings.swift in Sources */,
				99ACF21C2A1CBA1A00C953FF /* ViewModelType.swift in Sources */,
				99ACF2772A24649600C953FF /* ITunesSearchAPI.swift in Sources */,
				99ACF1FD2A1CA55E00C953FF /* MainTabViewModel.swift in Sources */,
				99EBEC552A24A881004AB0DD /* RealmManager.swift in Sources */,
				99ACF27A2A246A9B00C953FF /* NetworkService+ITunesSearchAPIType.swift in Sources */,
				99ACF2172A1CB28E00C953FF /* BookmarkViewModel.swift in Sources */,
				99ACF26B2A245A4000C953FF /* Mappable.swift in Sources */,
				99ACF1FA2A1CA4C300C953FF /* MainTabController.swift in Sources */,
				99ACF27D2A2489AF00C953FF /* AlbumResultTableViewCell.swift in Sources */,
				99ACF2022A1CAA3700C953FF /* UserDefaultsStore.swift in Sources */,
				99ACF2472A1F4B2D00C953FF /* ModalViewCorrdinatorType.swift in Sources */,
				99ACF2362A1DEFD000C953FF /* Scene.swift in Sources */,
				99ACF1D32A1C9B6000C953FF /* SceneDelegate.swift in Sources */,
				99ACF21A2A1CB29E00C953FF /* SettingsViewModel.swift in Sources */,
				99ACF2522A1F5F2500C953FF /* CustomCellable.swift in Sources */,
				99ACF2232A1CC7C900C953FF /* StringProvider.swift in Sources */,
			);
			runOnlyForDeploymentPostprocessing = 0;
		};
/* End PBXSourcesBuildPhase section */

/* Begin PBXVariantGroup section */
		99ACF1DB2A1C9B6000C953FF /* LaunchScreen.storyboard */ = {
			isa = PBXVariantGroup;
			children = (
				99ACF1DC2A1C9B6000C953FF /* Base */,
			);
			name = LaunchScreen.storyboard;
			sourceTree = "<group>";
		};
/* End PBXVariantGroup section */

/* Begin XCBuildConfiguration section */
		99ACF1DF2A1C9B6000C953FF /* Debug */ = {
			isa = XCBuildConfiguration;
			buildSettings = {
				ALWAYS_SEARCH_USER_PATHS = NO;
				CLANG_ANALYZER_NONNULL = YES;
				CLANG_ANALYZER_NUMBER_OBJECT_CONVERSION = YES_AGGRESSIVE;
				CLANG_CXX_LANGUAGE_STANDARD = "gnu++20";
				CLANG_ENABLE_MODULES = YES;
				CLANG_ENABLE_OBJC_ARC = YES;
				CLANG_ENABLE_OBJC_WEAK = YES;
				CLANG_WARN_BLOCK_CAPTURE_AUTORELEASING = YES;
				CLANG_WARN_BOOL_CONVERSION = YES;
				CLANG_WARN_COMMA = YES;
				CLANG_WARN_CONSTANT_CONVERSION = YES;
				CLANG_WARN_DEPRECATED_OBJC_IMPLEMENTATIONS = YES;
				CLANG_WARN_DIRECT_OBJC_ISA_USAGE = YES_ERROR;
				CLANG_WARN_DOCUMENTATION_COMMENTS = YES;
				CLANG_WARN_EMPTY_BODY = YES;
				CLANG_WARN_ENUM_CONVERSION = YES;
				CLANG_WARN_INFINITE_RECURSION = YES;
				CLANG_WARN_INT_CONVERSION = YES;
				CLANG_WARN_NON_LITERAL_NULL_CONVERSION = YES;
				CLANG_WARN_OBJC_IMPLICIT_RETAIN_SELF = YES;
				CLANG_WARN_OBJC_LITERAL_CONVERSION = YES;
				CLANG_WARN_OBJC_ROOT_CLASS = YES_ERROR;
				CLANG_WARN_QUOTED_INCLUDE_IN_FRAMEWORK_HEADER = YES;
				CLANG_WARN_RANGE_LOOP_ANALYSIS = YES;
				CLANG_WARN_STRICT_PROTOTYPES = YES;
				CLANG_WARN_SUSPICIOUS_MOVE = YES;
				CLANG_WARN_UNGUARDED_AVAILABILITY = YES_AGGRESSIVE;
				CLANG_WARN_UNREACHABLE_CODE = YES;
				CLANG_WARN__DUPLICATE_METHOD_MATCH = YES;
				COPY_PHASE_STRIP = NO;
				DEBUG_INFORMATION_FORMAT = dwarf;
				ENABLE_STRICT_OBJC_MSGSEND = YES;
				ENABLE_TESTABILITY = YES;
				GCC_C_LANGUAGE_STANDARD = gnu11;
				GCC_DYNAMIC_NO_PIC = NO;
				GCC_NO_COMMON_BLOCKS = YES;
				GCC_OPTIMIZATION_LEVEL = 0;
				GCC_PREPROCESSOR_DEFINITIONS = (
					"DEBUG=1",
					"$(inherited)",
				);
				GCC_WARN_64_TO_32_BIT_CONVERSION = YES;
				GCC_WARN_ABOUT_RETURN_TYPE = YES_ERROR;
				GCC_WARN_UNDECLARED_SELECTOR = YES;
				GCC_WARN_UNINITIALIZED_AUTOS = YES_AGGRESSIVE;
				GCC_WARN_UNUSED_FUNCTION = YES;
				GCC_WARN_UNUSED_VARIABLE = YES;
				IPHONEOS_DEPLOYMENT_TARGET = 16.4;
				MTL_ENABLE_DEBUG_INFO = INCLUDE_SOURCE;
				MTL_FAST_MATH = YES;
				ONLY_ACTIVE_ARCH = YES;
				SDKROOT = iphoneos;
				SWIFT_ACTIVE_COMPILATION_CONDITIONS = DEBUG;
				SWIFT_OPTIMIZATION_LEVEL = "-Onone";
			};
			name = Debug;
		};
		99ACF1E02A1C9B6000C953FF /* Release */ = {
			isa = XCBuildConfiguration;
			buildSettings = {
				ALWAYS_SEARCH_USER_PATHS = NO;
				CLANG_ANALYZER_NONNULL = YES;
				CLANG_ANALYZER_NUMBER_OBJECT_CONVERSION = YES_AGGRESSIVE;
				CLANG_CXX_LANGUAGE_STANDARD = "gnu++20";
				CLANG_ENABLE_MODULES = YES;
				CLANG_ENABLE_OBJC_ARC = YES;
				CLANG_ENABLE_OBJC_WEAK = YES;
				CLANG_WARN_BLOCK_CAPTURE_AUTORELEASING = YES;
				CLANG_WARN_BOOL_CONVERSION = YES;
				CLANG_WARN_COMMA = YES;
				CLANG_WARN_CONSTANT_CONVERSION = YES;
				CLANG_WARN_DEPRECATED_OBJC_IMPLEMENTATIONS = YES;
				CLANG_WARN_DIRECT_OBJC_ISA_USAGE = YES_ERROR;
				CLANG_WARN_DOCUMENTATION_COMMENTS = YES;
				CLANG_WARN_EMPTY_BODY = YES;
				CLANG_WARN_ENUM_CONVERSION = YES;
				CLANG_WARN_INFINITE_RECURSION = YES;
				CLANG_WARN_INT_CONVERSION = YES;
				CLANG_WARN_NON_LITERAL_NULL_CONVERSION = YES;
				CLANG_WARN_OBJC_IMPLICIT_RETAIN_SELF = YES;
				CLANG_WARN_OBJC_LITERAL_CONVERSION = YES;
				CLANG_WARN_OBJC_ROOT_CLASS = YES_ERROR;
				CLANG_WARN_QUOTED_INCLUDE_IN_FRAMEWORK_HEADER = YES;
				CLANG_WARN_RANGE_LOOP_ANALYSIS = YES;
				CLANG_WARN_STRICT_PROTOTYPES = YES;
				CLANG_WARN_SUSPICIOUS_MOVE = YES;
				CLANG_WARN_UNGUARDED_AVAILABILITY = YES_AGGRESSIVE;
				CLANG_WARN_UNREACHABLE_CODE = YES;
				CLANG_WARN__DUPLICATE_METHOD_MATCH = YES;
				COPY_PHASE_STRIP = NO;
				DEBUG_INFORMATION_FORMAT = "dwarf-with-dsym";
				ENABLE_NS_ASSERTIONS = NO;
				ENABLE_STRICT_OBJC_MSGSEND = YES;
				GCC_C_LANGUAGE_STANDARD = gnu11;
				GCC_NO_COMMON_BLOCKS = YES;
				GCC_WARN_64_TO_32_BIT_CONVERSION = YES;
				GCC_WARN_ABOUT_RETURN_TYPE = YES_ERROR;
				GCC_WARN_UNDECLARED_SELECTOR = YES;
				GCC_WARN_UNINITIALIZED_AUTOS = YES_AGGRESSIVE;
				GCC_WARN_UNUSED_FUNCTION = YES;
				GCC_WARN_UNUSED_VARIABLE = YES;
				IPHONEOS_DEPLOYMENT_TARGET = 16.4;
				MTL_ENABLE_DEBUG_INFO = NO;
				MTL_FAST_MATH = YES;
				SDKROOT = iphoneos;
				SWIFT_COMPILATION_MODE = wholemodule;
				SWIFT_OPTIMIZATION_LEVEL = "-O";
				VALIDATE_PRODUCT = YES;
			};
			name = Release;
		};
		99ACF1E22A1C9B6000C953FF /* Debug */ = {
			isa = XCBuildConfiguration;
			buildSettings = {
				ASSETCATALOG_COMPILER_APPICON_NAME = AppIcon;
				ASSETCATALOG_COMPILER_GLOBAL_ACCENT_COLOR_NAME = AccentColor;
				CODE_SIGN_STYLE = Automatic;
				CURRENT_PROJECT_VERSION = 1;
				DEVELOPMENT_TEAM = B44JQ4HGJ4;
				GENERATE_INFOPLIST_FILE = YES;
				INFOPLIST_FILE = "ios decovery/Info.plist";
				INFOPLIST_KEY_UIApplicationSupportsIndirectInputEvents = YES;
				INFOPLIST_KEY_UILaunchStoryboardName = LaunchScreen;
				INFOPLIST_KEY_UIMainStoryboardFile = Main;
				INFOPLIST_KEY_UISupportedInterfaceOrientations_iPad = "UIInterfaceOrientationPortrait UIInterfaceOrientationPortraitUpsideDown UIInterfaceOrientationLandscapeLeft UIInterfaceOrientationLandscapeRight";
				INFOPLIST_KEY_UISupportedInterfaceOrientations_iPhone = "UIInterfaceOrientationPortrait UIInterfaceOrientationLandscapeLeft UIInterfaceOrientationLandscapeRight";
				LD_RUNPATH_SEARCH_PATHS = (
					"$(inherited)",
					"@executable_path/Frameworks",
				);
				MARKETING_VERSION = 1.0;
				PRODUCT_BUNDLE_IDENTIFIER = "com.ray.ios-decovery";
				PRODUCT_NAME = "$(TARGET_NAME)";
				SWIFT_EMIT_LOC_STRINGS = YES;
				SWIFT_VERSION = 5.0;
				TARGETED_DEVICE_FAMILY = "1,2";
			};
			name = Debug;
		};
		99ACF1E32A1C9B6000C953FF /* Release */ = {
			isa = XCBuildConfiguration;
			buildSettings = {
				ASSETCATALOG_COMPILER_APPICON_NAME = AppIcon;
				ASSETCATALOG_COMPILER_GLOBAL_ACCENT_COLOR_NAME = AccentColor;
				CODE_SIGN_STYLE = Automatic;
				CURRENT_PROJECT_VERSION = 1;
				DEVELOPMENT_TEAM = B44JQ4HGJ4;
				GENERATE_INFOPLIST_FILE = YES;
				INFOPLIST_FILE = "ios decovery/Info.plist";
				INFOPLIST_KEY_UIApplicationSupportsIndirectInputEvents = YES;
				INFOPLIST_KEY_UILaunchStoryboardName = LaunchScreen;
				INFOPLIST_KEY_UIMainStoryboardFile = Main;
				INFOPLIST_KEY_UISupportedInterfaceOrientations_iPad = "UIInterfaceOrientationPortrait UIInterfaceOrientationPortraitUpsideDown UIInterfaceOrientationLandscapeLeft UIInterfaceOrientationLandscapeRight";
				INFOPLIST_KEY_UISupportedInterfaceOrientations_iPhone = "UIInterfaceOrientationPortrait UIInterfaceOrientationLandscapeLeft UIInterfaceOrientationLandscapeRight";
				LD_RUNPATH_SEARCH_PATHS = (
					"$(inherited)",
					"@executable_path/Frameworks",
				);
				MARKETING_VERSION = 1.0;
				PRODUCT_BUNDLE_IDENTIFIER = "com.ray.ios-decovery";
				PRODUCT_NAME = "$(TARGET_NAME)";
				SWIFT_EMIT_LOC_STRINGS = YES;
				SWIFT_VERSION = 5.0;
				TARGETED_DEVICE_FAMILY = "1,2";
			};
			name = Release;
		};
/* End XCBuildConfiguration section */

/* Begin XCConfigurationList section */
		99ACF1C82A1C9B6000C953FF /* Build configuration list for PBXProject "ios decovery" */ = {
			isa = XCConfigurationList;
			buildConfigurations = (
				99ACF1DF2A1C9B6000C953FF /* Debug */,
				99ACF1E02A1C9B6000C953FF /* Release */,
			);
			defaultConfigurationIsVisible = 0;
			defaultConfigurationName = Release;
		};
		99ACF1E12A1C9B6000C953FF /* Build configuration list for PBXNativeTarget "ios decovery" */ = {
			isa = XCConfigurationList;
			buildConfigurations = (
				99ACF1E22A1C9B6000C953FF /* Debug */,
				99ACF1E32A1C9B6000C953FF /* Release */,
			);
			defaultConfigurationIsVisible = 0;
			defaultConfigurationName = Release;
		};
/* End XCConfigurationList section */

/* Begin XCRemoteSwiftPackageReference section */
		99ACF1E42A1C9DE700C953FF /* XCRemoteSwiftPackageReference "RxSwift" */ = {
			isa = XCRemoteSwiftPackageReference;
			repositoryURL = "https://github.com/ReactiveX/RxSwift";
			requirement = {
				kind = upToNextMajorVersion;
				minimumVersion = 6.0.0;
			};
		};
		99ACF1ED2A1C9DF700C953FF /* XCRemoteSwiftPackageReference "TinyConstraints" */ = {
			isa = XCRemoteSwiftPackageReference;
			repositoryURL = "https://github.com/roberthein/TinyConstraints";
			requirement = {
				kind = upToNextMajorVersion;
				minimumVersion = 4.0.0;
			};
		};
		99ACF1F02A1C9ED400C953FF /* XCRemoteSwiftPackageReference "Alamofire" */ = {
			isa = XCRemoteSwiftPackageReference;
			repositoryURL = "https://github.com/Alamofire/Alamofire";
			requirement = {
				kind = upToNextMajorVersion;
				minimumVersion = 5.0.0;
			};
		};
		99ACF23F2A1F3CFA00C953FF /* XCRemoteSwiftPackageReference "Then" */ = {
			isa = XCRemoteSwiftPackageReference;
			repositoryURL = "https://github.com/devxoul/Then";
			requirement = {
				kind = upToNextMajorVersion;
				minimumVersion = 3.0.0;
			};
		};
		99ACF2672A2459D100C953FF /* XCRemoteSwiftPackageReference "SwiftyJSON" */ = {
			isa = XCRemoteSwiftPackageReference;
			repositoryURL = "https://github.com/SwiftyJSON/SwiftyJSON";
			requirement = {
				kind = upToNextMajorVersion;
				minimumVersion = 5.0.0;
			};
		};
		99EBEC512A24A66F004AB0DD /* XCRemoteSwiftPackageReference "realm-swift" */ = {
			isa = XCRemoteSwiftPackageReference;
			repositoryURL = "https://github.com/realm/realm-swift";
			requirement = {
				branch = master;
				kind = branch;
			};
		};
/* End XCRemoteSwiftPackageReference section */

/* Begin XCSwiftPackageProductDependency section */
		99ACF1E52A1C9DE700C953FF /* RxBlocking */ = {
			isa = XCSwiftPackageProductDependency;
			package = 99ACF1E42A1C9DE700C953FF /* XCRemoteSwiftPackageReference "RxSwift" */;
			productName = RxBlocking;
		};
		99ACF1E72A1C9DE700C953FF /* RxCocoa */ = {
			isa = XCSwiftPackageProductDependency;
			package = 99ACF1E42A1C9DE700C953FF /* XCRemoteSwiftPackageReference "RxSwift" */;
			productName = RxCocoa;
		};
		99ACF1E92A1C9DE700C953FF /* RxRelay */ = {
			isa = XCSwiftPackageProductDependency;
			package = 99ACF1E42A1C9DE700C953FF /* XCRemoteSwiftPackageReference "RxSwift" */;
			productName = RxRelay;
		};
		99ACF1EB2A1C9DE700C953FF /* RxSwift */ = {
			isa = XCSwiftPackageProductDependency;
			package = 99ACF1E42A1C9DE700C953FF /* XCRemoteSwiftPackageReference "RxSwift" */;
			productName = RxSwift;
		};
		99ACF1EE2A1C9DF700C953FF /* TinyConstraints */ = {
			isa = XCSwiftPackageProductDependency;
			package = 99ACF1ED2A1C9DF700C953FF /* XCRemoteSwiftPackageReference "TinyConstraints" */;
			productName = TinyConstraints;
		};
		99ACF1F12A1C9ED400C953FF /* Alamofire */ = {
			isa = XCSwiftPackageProductDependency;
			package = 99ACF1F02A1C9ED400C953FF /* XCRemoteSwiftPackageReference "Alamofire" */;
			productName = Alamofire;
		};
		99ACF2402A1F3CFA00C953FF /* Then */ = {
			isa = XCSwiftPackageProductDependency;
			package = 99ACF23F2A1F3CFA00C953FF /* XCRemoteSwiftPackageReference "Then" */;
			productName = Then;
		};
		99ACF2682A2459D100C953FF /* SwiftyJSON */ = {
			isa = XCSwiftPackageProductDependency;
			package = 99ACF2672A2459D100C953FF /* XCRemoteSwiftPackageReference "SwiftyJSON" */;
			productName = SwiftyJSON;
		};
		99EBEC522A24A66F004AB0DD /* RealmSwift */ = {
			isa = XCSwiftPackageProductDependency;
			package = 99EBEC512A24A66F004AB0DD /* XCRemoteSwiftPackageReference "realm-swift" */;
			productName = RealmSwift;
		};
/* End XCSwiftPackageProductDependency section */
	};
	rootObject = 99ACF1C52A1C9B6000C953FF /* Project object */;
}
